
Microsoft Visual Studio Solution File, Format Version 12.00
# Visual Studio 15
VisualStudioVersion = 15.0.27703.2026
MinimumVisualStudioVersion = 10.0.40219.1
Project("{9A19103F-16F7-4668-BE54-9A1E7A4F7556}") = "PharmacyStore.Models", "PharmacyStore.Models\PharmacyStore.Models.csproj", "{01EF5A92-2AD1-4D95-B0D5-174A726DBF6E}"
EndProject
Project("{9A19103F-16F7-4668-BE54-9A1E7A4F7556}") = "PharmacyStore.Services", "PharmacyStore.Services\PharmacyStore.Services.csproj", "{40BBA012-EB29-4845-8175-29E484ECA6AD}"
EndProject
Project("{9A19103F-16F7-4668-BE54-9A1E7A4F7556}") = "PharmacyStore.Web", "PharmacyStore.Web\PharmacyStore.Web.csproj", "{304DB116-0308-4498-8706-7E7941D0FB4B}"
EndProject
Project("{9A19103F-16F7-4668-BE54-9A1E7A4F7556}") = "PharmacyStore.Framework", "PharmacyStore.Framework\PharmacyStore.Framework.csproj", "{2621EAB3-70D6-4A3F-980E-3B65809D2FC2}"
EndProject
Project("{2150E333-8FDC-42A3-9474-1A3956D46DE8}") = "Common", "Common", "{2644E8E0-90F2-47E9-B24E-AD5ACDD7BB5D}"
EndProject
Project("{9A19103F-16F7-4668-BE54-9A1E7A4F7556}") = "Common.Mongo.Respository", "..\..\Source\repos\Video1\Common.Mongo.Respository\Common.Mongo.Respository.csproj", "{8B9867C7-499E-4DAD-A63D-1B1F4F13D100}"
EndProject
Project("{9A19103F-16F7-4668-BE54-9A1E7A4F7556}") = "Common.Persistence", "..\..\Source\repos\Video1\Common.Persistence\Common.Persistence.csproj", "{267ED055-D25C-47F1-9803-D6D77BCCEB38}"
EndProject
Global
	GlobalSection(SolutionConfigurationPlatforms) = preSolution
		Debug|Any CPU = Debug|Any CPU
		Release|Any CPU = Release|Any CPU
	EndGlobalSection
	GlobalSection(ProjectConfigurationPlatforms) = postSolution
		{01EF5A92-2AD1-4D95-B0D5-174A726DBF6E}.Debug|Any CPU.ActiveCfg = Debug|Any CPU
		{01EF5A92-2AD1-4D95-B0D5-174A726DBF6E}.Debug|Any CPU.Build.0 = Debug|Any CPU
		{01EF5A92-2AD1-4D95-B0D5-174A726DBF6E}.Release|Any CPU.ActiveCfg = Release|Any CPU
		{01EF5A92-2AD1-4D95-B0D5-174A726DBF6E}.Release|Any CPU.Build.0 = Release|Any CPU
		{40BBA012-EB29-4845-8175-29E484ECA6AD}.Debug|Any CPU.ActiveCfg = Debug|Any CPU
		{40BBA012-EB29-4845-8175-29E484ECA6AD}.Debug|Any CPU.Build.0 = Debug|Any CPU
		{40BBA012-EB29-4845-8175-29E484ECA6AD}.Release|Any CPU.ActiveCfg = Release|Any CPU
		{40BBA012-EB29-4845-8175-29E484ECA6AD}.Release|Any CPU.Build.0 = Release|Any CPU
		{304DB116-0308-4498-8706-7E7941D0FB4B}.Debug|Any CPU.ActiveCfg = Debug|Any CPU
		{304DB116-0308-4498-8706-7E7941D0FB4B}.Debug|Any CPU.Build.0 = Debug|Any CPU
		{304DB116-0308-4498-8706-7E7941D0FB4B}.Release|Any CPU.ActiveCfg = Release|Any CPU
		{304DB116-0308-4498-8706-7E7941D0FB4B}.Release|Any CPU.Build.0 = Release|Any CPU
		{2621EAB3-70D6-4A3F-980E-3B65809D2FC2}.Debug|Any CPU.ActiveCfg = Debug|Any CPU
		{2621EAB3-70D6-4A3F-980E-3B65809D2FC2}.Debug|Any CPU.Build.0 = Debug|Any CPU
		{2621EAB3-70D6-4A3F-980E-3B65809D2FC2}.Release|Any CPU.ActiveCfg = Release|Any CPU
		{2621EAB3-70D6-4A3F-980E-3B65809D2FC2}.Release|Any CPU.Build.0 = Release|Any CPU
		{8B9867C7-499E-4DAD-A63D-1B1F4F13D100}.Debug|Any CPU.ActiveCfg = Debug|Any CPU
		{8B9867C7-499E-4DAD-A63D-1B1F4F13D100}.Debug|Any CPU.Build.0 = Debug|Any CPU
		{8B9867C7-499E-4DAD-A63D-1B1F4F13D100}.Release|Any CPU.ActiveCfg = Release|Any CPU
		{8B9867C7-499E-4DAD-A63D-1B1F4F13D100}.Release|Any CPU.Build.0 = Release|Any CPU
		{267ED055-D25C-47F1-9803-D6D77BCCEB38}.Debug|Any CPU.ActiveCfg = Debug|Any CPU
		{267ED055-D25C-47F1-9803-D6D77BCCEB38}.Debug|Any CPU.Build.0 = Debug|Any CPU
		{267ED055-D25C-47F1-9803-D6D77BCCEB38}.Release|Any CPU.ActiveCfg = Release|Any CPU
		{267ED055-D25C-47F1-9803-D6D77BCCEB38}.Release|Any CPU.Build.0 = Release|Any CPU
	EndGlobalSection
	GlobalSection(SolutionProperties) = preSolution
		HideSolutionNode = FALSE
	EndGlobalSection
	GlobalSection(NestedProjects) = preSolution
		{8B9867C7-499E-4DAD-A63D-1B1F4F13D100} = {2644E8E0-90F2-47E9-B24E-AD5ACDD7BB5D}
		{267ED055-D25C-47F1-9803-D6D77BCCEB38} = {2644E8E0-90F2-47E9-B24E-AD5ACDD7BB5D}
	EndGlobalSection
	GlobalSection(ExtensibilityGlobals) = postSolution
		SolutionGuid = {8D6540CE-00F5-4F51-BCC6-3DE68CE66380}
	EndGlobalSection
EndGlobal
